
Microsoft Visual Studio Solution File, Format Version 12.00
# Visual Studio Version 16
VisualStudioVersion = 16.0.31402.337
MinimumVisualStudioVersion = 10.0.40219.1
Project("{9A19103F-16F7-4668-BE54-9A1E7A4F7556}") = "SNSelfOrder", "SNSelfOrder.csproj", "{D6986B05-3607-4284-A592-DC8390DB2135}"
EndProject
Global
	GlobalSection(SolutionConfigurationPlatforms) = preSolution
		Debug|Any CPU = Debug|Any CPU
		Release|Any CPU = Release|Any CPU
	EndGlobalSection
	GlobalSection(ProjectConfigurationPlatforms) = postSolution
		{D6986B05-3607-4284-A592-DC8390DB2135}.Debug|Any CPU.ActiveCfg = Debug|Any CPU
		{D6986B05-3607-4284-A592-DC8390DB2135}.Debug|Any CPU.Build.0 = Debug|Any CPU
		{D6986B05-3607-4284-A592-DC8390DB2135}.Release|Any CPU.ActiveCfg = Release|Any CPU
		{D6986B05-3607-4284-A592-DC8390DB2135}.Release|Any CPU.Build.0 = Release|Any CPU
	EndGlobalSection
	GlobalSection(SolutionProperties) = preSolution
		HideSolutionNode = FALSE
	EndGlobalSection
	GlobalSection(ExtensibilityGlobals) = postSolution
		SolutionGuid = {EBB2D5A7-F529-4275-8DA7-E354A7658661}
	EndGlobalSection
EndGlobal
